<Solution>
  <Project Path="CargoConnect.API/CargoConnect.API.csproj" />
  <Project Path="CargoConnect.Application/CargoConnect.Application.csproj" />
  <Project Path="CargoConnect.Common/CargoConnect.Common.csproj" />
  <Project Path="CargoConnect.Domain/CargoConnect.Domain.csproj" />
  <Project Path="CargoConnect.MVC.Client/CargoConnect.MVC.Client.csproj" />
  <Project Path="CargoConnect.Repository/CargoConnect.Infrastructure.csproj" />
</Solution>
